
Microsoft Visual Studio Solution File, Format Version 12.00
# Visual Studio Version 16
VisualStudioVersion = 16.0.31624.102
MinimumVisualStudioVersion = 10.0.40219.1
Project("{FAE04EC0-301F-11D3-BF4B-00C04F79EFBC}") = "ParkingApp", "ParkingApp\ParkingApp.csproj", "{312A6FF7-F577-411A-9F4F-49D78FFD9788}"
EndProject
Global
	GlobalSection(SolutionConfigurationPlatforms) = preSolution
		Debug|Any CPU = Debug|Any CPU
		Release|Any CPU = Release|Any CPU
	EndGlobalSection
	GlobalSection(ProjectConfigurationPlatforms) = postSolution
		{312A6FF7-F577-411A-9F4F-49D78FFD9788}.Debug|Any CPU.ActiveCfg = Debug|Any CPU
		{312A6FF7-F577-411A-9F4F-49D78FFD9788}.Debug|Any CPU.Build.0 = Debug|Any CPU
		{312A6FF7-F577-411A-9F4F-49D78FFD9788}.Release|Any CPU.ActiveCfg = Release|Any CPU
		{312A6FF7-F577-411A-9F4F-49D78FFD9788}.Release|Any CPU.Build.0 = Release|Any CPU
	EndGlobalSection
	GlobalSection(SolutionProperties) = preSolution
		HideSolutionNode = FALSE
	EndGlobalSection
	GlobalSection(ExtensibilityGlobals) = postSolution
		SolutionGuid = {94A33FCB-AC38-4B66-B100-C0A4E917C04A}
	EndGlobalSection
EndGlobal
